// !$*UTF8*$!
{
	archiveVersion = 1;
	classes = {
	};
	objectVersion = 46;
	objects = {

/* Begin PBXBuildFile section */
		4B29ECEB1DB2658A0095F4D8 /* 16!.cpp in Sources */ = {isa = PBXBuildFile; fileRef = 4B6CE1111DB08913007196F4 /* 16!.cpp */; };
		4B6CE1221DB08966007196F4 /* 24.cpp in Sources */ = {isa = PBXBuildFile; fileRef = 4B6CE1211DB08966007196F4 /* 24.cpp */; };
/* End PBXBuildFile section */

/* Begin PBXCopyFilesBuildPhase section */
		4B993D7D1DAFC67500F7A629 /* CopyFiles */ = {
			isa = PBXCopyFilesBuildPhase;
			buildActionMask = 2147483647;
			dstPath = /usr/share/man/man1/;
			dstSubfolderSpec = 0;
			files = (
			);
			runOnlyForDeploymentPostprocessing = 1;
		};
/* End PBXCopyFilesBuildPhase section */

/* Begin PBXFileReference section */
		4B6CE1111DB08913007196F4 /* 16!.cpp */ = {isa = PBXFileReference; fileEncoding = 4; lastKnownFileType = sourcecode.cpp.cpp; path = "16!.cpp"; sourceTree = "<group>"; };
		4B6CE1131DB0891C007196F4 /* 17.cpp */ = {isa = PBXFileReference; fileEncoding = 4; lastKnownFileType = sourcecode.cpp.cpp; path = 17.cpp; sourceTree = "<group>"; };
		4B6CE1151DB08926007196F4 /* 18.cpp */ = {isa = PBXFileReference; fileEncoding = 4; lastKnownFileType = sourcecode.cpp.cpp; path = 18.cpp; sourceTree = "<group>"; };
		4B6CE1171DB0892C007196F4 /* 19.cpp */ = {isa = PBXFileReference; fileEncoding = 4; lastKnownFileType = sourcecode.cpp.cpp; path = 19.cpp; sourceTree = "<group>"; };
		4B6CE1191DB08941007196F4 /* 20.cpp */ = {isa = PBXFileReference; fileEncoding = 4; lastKnownFileType = sourcecode.cpp.cpp; path = 20.cpp; sourceTree = "<group>"; };
		4B6CE11B1DB0894C007196F4 /* 21.cpp */ = {isa = PBXFileReference; fileEncoding = 4; lastKnownFileType = sourcecode.cpp.cpp; path = 21.cpp; sourceTree = "<group>"; };
		4B6CE11D1DB08954007196F4 /* 22.cpp */ = {isa = PBXFileReference; fileEncoding = 4; lastKnownFileType = sourcecode.cpp.cpp; path = 22.cpp; sourceTree = "<group>"; };
		4B6CE11F1DB0895C007196F4 /* 23.cpp */ = {isa = PBXFileReference; fileEncoding = 4; lastKnownFileType = sourcecode.cpp.cpp; path = 23.cpp; sourceTree = "<group>"; };
		4B6CE1211DB08966007196F4 /* 24.cpp */ = {isa = PBXFileReference; fileEncoding = 4; lastKnownFileType = sourcecode.cpp.cpp; path = 24.cpp; sourceTree = "<group>"; };
		4B993D7F1DAFC67500F7A629 /* chapter 4 */ = {isa = PBXFileReference; explicitFileType = "compiled.mach-o.executable"; includeInIndex = 0; path = "chapter 4"; sourceTree = BUILT_PRODUCTS_DIR; };
		4B993D821DAFC67500F7A629 /* 1.cpp */ = {isa = PBXFileReference; lastKnownFileType = sourcecode.cpp.cpp; path = 1.cpp; sourceTree = "<group>"; };
		4BFA2CAE1DAFC6E7005E69C2 /* 2.cpp */ = {isa = PBXFileReference; fileEncoding = 4; lastKnownFileType = sourcecode.cpp.cpp; path = 2.cpp; sourceTree = "<group>"; };
		4BFA2CB01DAFC6F8005E69C2 /* 3.cpp */ = {isa = PBXFileReference; fileEncoding = 4; lastKnownFileType = sourcecode.cpp.cpp; path = 3.cpp; sourceTree = "<group>"; };
		4BFA2CB21DAFC707005E69C2 /* 4.cpp */ = {isa = PBXFileReference; fileEncoding = 4; lastKnownFileType = sourcecode.cpp.cpp; path = 4.cpp; sourceTree = "<group>"; };
		4BFA2CB41DAFC7B2005E69C2 /* 5.cpp */ = {isa = PBXFileReference; fileEncoding = 4; lastKnownFileType = sourcecode.cpp.cpp; path = 5.cpp; sourceTree = "<group>"; };
		4BFA2CB61DAFC830005E69C2 /* 6.cpp */ = {isa = PBXFileReference; fileEncoding = 4; lastKnownFileType = sourcecode.cpp.cpp; path = 6.cpp; sourceTree = "<group>"; };
		4BFA2CB81DAFC840005E69C2 /* 7.cpp */ = {isa = PBXFileReference; fileEncoding = 4; lastKnownFileType = sourcecode.cpp.cpp; path = 7.cpp; sourceTree = "<group>"; };
		4BFA2CBA1DAFC84C005E69C2 /* 8.cpp */ = {isa = PBXFileReference; fileEncoding = 4; lastKnownFileType = sourcecode.cpp.cpp; path = 8.cpp; sourceTree = "<group>"; };
		4BFA2CBC1DAFC858005E69C2 /* 9.cpp */ = {isa = PBXFileReference; fileEncoding = 4; lastKnownFileType = sourcecode.cpp.cpp; path = 9.cpp; sourceTree = "<group>"; };
		4BFA2CBE1DAFC864005E69C2 /* 10!.cpp */ = {isa = PBXFileReference; fileEncoding = 4; lastKnownFileType = sourcecode.cpp.cpp; path = "10!.cpp"; sourceTree = "<group>"; };
		4BFA2CC01DAFC872005E69C2 /* 11.cpp */ = {isa = PBXFileReference; fileEncoding = 4; lastKnownFileType = sourcecode.cpp.cpp; path = 11.cpp; sourceTree = "<group>"; };
		4BFA2CC21DAFC881005E69C2 /* 12.cpp */ = {isa = PBXFileReference; fileEncoding = 4; lastKnownFileType = sourcecode.cpp.cpp; path = 12.cpp; sourceTree = "<group>"; };
		4BFA2CC41DAFC8A0005E69C2 /* 13.cpp */ = {isa = PBXFileReference; fileEncoding = 4; lastKnownFileType = sourcecode.cpp.cpp; path = 13.cpp; sourceTree = "<group>"; };
		4BFA2CC61DAFC8A7005E69C2 /* 14.cpp */ = {isa = PBXFileReference; fileEncoding = 4; lastKnownFileType = sourcecode.cpp.cpp; path = 14.cpp; sourceTree = "<group>"; };
		4BFA2CC81DAFC8BB005E69C2 /* 15.cpp */ = {isa = PBXFileReference; fileEncoding = 4; lastKnownFileType = sourcecode.cpp.cpp; path = 15.cpp; sourceTree = "<group>"; };
		4BFA2CD61DB00593005E69C2 /* 25.cpp */ = {isa = PBXFileReference; fileEncoding = 4; lastKnownFileType = sourcecode.cpp.cpp; path = 25.cpp; sourceTree = "<group>"; };
		4BFA2CD81DB005B3005E69C2 /* 26.cpp */ = {isa = PBXFileReference; fileEncoding = 4; lastKnownFileType = sourcecode.cpp.cpp; path = 26.cpp; sourceTree = "<group>"; };
		4BFA2CDB1DB005E3005E69C2 /* 27.cpp */ = {isa = PBXFileReference; fileEncoding = 4; lastKnownFileType = sourcecode.cpp.cpp; path = 27.cpp; sourceTree = "<group>"; };
/* End PBXFileReference section */

/* Begin PBXFrameworksBuildPhase section */
		4B993D7C1DAFC67500F7A629 /* Frameworks */ = {
			isa = PBXFrameworksBuildPhase;
			buildActionMask = 2147483647;
			files = (
			);
			runOnlyForDeploymentPostprocessing = 0;
		};
/* End PBXFrameworksBuildPhase section */

/* Begin PBXGroup section */
		4B993D761DAFC67500F7A629 = {
			isa = PBXGroup;
			children = (
				4B993D811DAFC67500F7A629 /* chapter 4 */,
				4B993D801DAFC67500F7A629 /* Products */,
			);
			sourceTree = "<group>";
		};
		4B993D801DAFC67500F7A629 /* Products */ = {
			isa = PBXGroup;
			children = (
				4B993D7F1DAFC67500F7A629 /* chapter 4 */,
			);
			name = Products;
			sourceTree = "<group>";
		};
		4B993D811DAFC67500F7A629 /* chapter 4 */ = {
			isa = PBXGroup;
			children = (
				4B993D821DAFC67500F7A629 /* 1.cpp */,
				4BFA2CAE1DAFC6E7005E69C2 /* 2.cpp */,
				4BFA2CB01DAFC6F8005E69C2 /* 3.cpp */,
				4BFA2CB21DAFC707005E69C2 /* 4.cpp */,
				4BFA2CB41DAFC7B2005E69C2 /* 5.cpp */,
				4BFA2CB61DAFC830005E69C2 /* 6.cpp */,
				4BFA2CB81DAFC840005E69C2 /* 7.cpp */,
				4BFA2CBA1DAFC84C005E69C2 /* 8.cpp */,
				4BFA2CBC1DAFC858005E69C2 /* 9.cpp */,
				4BFA2CBE1DAFC864005E69C2 /* 10!.cpp */,
				4BFA2CC01DAFC872005E69C2 /* 11.cpp */,
				4BFA2CC21DAFC881005E69C2 /* 12.cpp */,
				4BFA2CC41DAFC8A0005E69C2 /* 13.cpp */,
				4BFA2CC61DAFC8A7005E69C2 /* 14.cpp */,
				4BFA2CC81DAFC8BB005E69C2 /* 15.cpp */,
				4B6CE1111DB08913007196F4 /* 16!.cpp */,
				4B6CE1131DB0891C007196F4 /* 17.cpp */,
				4B6CE1151DB08926007196F4 /* 18.cpp */,
				4B6CE1171DB0892C007196F4 /* 19.cpp */,
				4B6CE1191DB08941007196F4 /* 20.cpp */,
				4B6CE11B1DB0894C007196F4 /* 21.cpp */,
				4B6CE11D1DB08954007196F4 /* 22.cpp */,
				4B6CE11F1DB0895C007196F4 /* 23.cpp */,
				4B6CE1211DB08966007196F4 /* 24.cpp */,
				4BFA2CD61DB00593005E69C2 /* 25.cpp */,
				4BFA2CD81DB005B3005E69C2 /* 26.cpp */,
				4BFA2CDB1DB005E3005E69C2 /* 27.cpp */,
			);
			path = "chapter 4";
			sourceTree = "<group>";
		};
/* End PBXGroup section */

/* Begin PBXNativeTarget section */
		4B993D7E1DAFC67500F7A629 /* chapter 4 */ = {
			isa = PBXNativeTarget;
			buildConfigurationList = 4B993D861DAFC67500F7A629 /* Build configuration list for PBXNativeTarget "chapter 4" */;
			buildPhases = (
				4B993D7B1DAFC67500F7A629 /* Sources */,
				4B993D7C1DAFC67500F7A629 /* Frameworks */,
				4B993D7D1DAFC67500F7A629 /* CopyFiles */,
			);
			buildRules = (
			);
			dependencies = (
			);
			name = "chapter 4";
			productName = "chapter 4";
			productReference = 4B993D7F1DAFC67500F7A629 /* chapter 4 */;
			productType = "com.apple.product-type.tool";
		};
/* End PBXNativeTarget section */

/* Begin PBXProject section */
		4B993D771DAFC67500F7A629 /* Project object */ = {
			isa = PBXProject;
			attributes = {
				LastUpgradeCheck = 0730;
				ORGANIZATIONNAME = "Mirna Sumopawiro";
				TargetAttributes = {
					4B993D7E1DAFC67500F7A629 = {
						CreatedOnToolsVersion = 7.3.1;
					};
				};
			};
			buildConfigurationList = 4B993D7A1DAFC67500F7A629 /* Build configuration list for PBXProject "chapter 4" */;
			compatibilityVersion = "Xcode 3.2";
			developmentRegion = English;
			hasScannedForEncodings = 0;
			knownRegions = (
				en,
			);
			mainGroup = 4B993D761DAFC67500F7A629;
			productRefGroup = 4B993D801DAFC67500F7A629 /* Products */;
			projectDirPath = "";
			projectRoot = "";
			targets = (
				4B993D7E1DAFC67500F7A629 /* chapter 4 */,
			);
		};
/* End PBXProject section */

/* Begin PBXSourcesBuildPhase section */
		4B993D7B1DAFC67500F7A629 /* Sources */ = {
			isa = PBXSourcesBuildPhase;
			buildActionMask = 2147483647;
			files = (
				4B29ECEB1DB2658A0095F4D8 /* 16!.cpp in Sources */,
				4B6CE1221DB08966007196F4 /* 24.cpp in Sources */,
			);
			runOnlyForDeploymentPostprocessing = 0;
		};
/* End PBXSourcesBuildPhase section */

/* Begin XCBuildConfiguration section */
		4B993D841DAFC67500F7A629 /* Debug */ = {
			isa = XCBuildConfiguration;
			buildSettings = {
				ALWAYS_SEARCH_USER_PATHS = NO;
				CLANG_ANALYZER_NONNULL = YES;
				CLANG_CXX_LANGUAGE_STANDARD = "gnu++0x";
				CLANG_CXX_LIBRARY = "libc++";
				CLANG_ENABLE_MODULES = YES;
				CLANG_ENABLE_OBJC_ARC = YES;
				CLANG_WARN_BOOL_CONVERSION = YES;
				CLANG_WARN_CONSTANT_CONVERSION = YES;
				CLANG_WARN_DIRECT_OBJC_ISA_USAGE = YES_ERROR;
				CLANG_WARN_EMPTY_BODY = YES;
				CLANG_WARN_ENUM_CONVERSION = YES;
				CLANG_WARN_INT_CONVERSION = YES;
				CLANG_WARN_OBJC_ROOT_CLASS = YES_ERROR;
				CLANG_WARN_UNREACHABLE_CODE = YES;
				CLANG_WARN__DUPLICATE_METHOD_MATCH = YES;
				CODE_SIGN_IDENTITY = "-";
				COPY_PHASE_STRIP = NO;
				DEBUG_INFORMATION_FORMAT = dwarf;
				ENABLE_STRICT_OBJC_MSGSEND = YES;
				ENABLE_TESTABILITY = YES;
				GCC_C_LANGUAGE_STANDARD = gnu99;
				GCC_DYNAMIC_NO_PIC = NO;
				GCC_NO_COMMON_BLOCKS = YES;
				GCC_OPTIMIZATION_LEVEL = 0;
				GCC_PREPROCESSOR_DEFINITIONS = (
					"DEBUG=1",
					"$(inherited)",
				);
				GCC_WARN_64_TO_32_BIT_CONVERSION = YES;
				GCC_WARN_ABOUT_RETURN_TYPE = YES_ERROR;
				GCC_WARN_UNDECLARED_SELECTOR = YES;
				GCC_WARN_UNINITIALIZED_AUTOS = YES_AGGRESSIVE;
				GCC_WARN_UNUSED_FUNCTION = YES;
				GCC_WARN_UNUSED_VARIABLE = YES;
				MACOSX_DEPLOYMENT_TARGET = 10.11;
				MTL_ENABLE_DEBUG_INFO = YES;
				ONLY_ACTIVE_ARCH = YES;
				SDKROOT = macosx;
			};
			name = Debug;
		};
		4B993D851DAFC67500F7A629 /* Release */ = {
			isa = XCBuildConfiguration;
			buildSettings = {
				ALWAYS_SEARCH_USER_PATHS = NO;
				CLANG_ANALYZER_NONNULL = YES;
				CLANG_CXX_LANGUAGE_STANDARD = "gnu++0x";
				CLANG_CXX_LIBRARY = "libc++";
				CLANG_ENABLE_MODULES = YES;
				CLANG_ENABLE_OBJC_ARC = YES;
				CLANG_WARN_BOOL_CONVERSION = YES;
				CLANG_WARN_CONSTANT_CONVERSION = YES;
				CLANG_WARN_DIRECT_OBJC_ISA_USAGE = YES_ERROR;
				CLANG_WARN_EMPTY_BODY = YES;
				CLANG_WARN_ENUM_CONVERSION = YES;
				CLANG_WARN_INT_CONVERSION = YES;
				CLANG_WARN_OBJC_ROOT_CLASS = YES_ERROR;
				CLANG_WARN_UNREACHABLE_CODE = YES;
				CLANG_WARN__DUPLICATE_METHOD_MATCH = YES;
				CODE_SIGN_IDENTITY = "-";
				COPY_PHASE_STRIP = NO;
				DEBUG_INFORMATION_FORMAT = "dwarf-with-dsym";
				ENABLE_NS_ASSERTIONS = NO;
				ENABLE_STRICT_OBJC_MSGSEND = YES;
				GCC_C_LANGUAGE_STANDARD = gnu99;
				GCC_NO_COMMON_BLOCKS = YES;
				GCC_WARN_64_TO_32_BIT_CONVERSION = YES;
				GCC_WARN_ABOUT_RETURN_TYPE = YES_ERROR;
				GCC_WARN_UNDECLARED_SELECTOR = YES;
				GCC_WARN_UNINITIALIZED_AUTOS = YES_AGGRESSIVE;
				GCC_WARN_UNUSED_FUNCTION = YES;
				GCC_WARN_UNUSED_VARIABLE = YES;
				MACOSX_DEPLOYMENT_TARGET = 10.11;
				MTL_ENABLE_DEBUG_INFO = NO;
				SDKROOT = macosx;
			};
			name = Release;
		};
		4B993D871DAFC67500F7A629 /* Debug */ = {
			isa = XCBuildConfiguration;
			buildSettings = {
				PRODUCT_NAME = "$(TARGET_NAME)";
			};
			name = Debug;
		};
		4B993D881DAFC67500F7A629 /* Release */ = {
			isa = XCBuildConfiguration;
			buildSettings = {
				PRODUCT_NAME = "$(TARGET_NAME)";
			};
			name = Release;
		};
/* End XCBuildConfiguration section */

/* Begin XCConfigurationList section */
		4B993D7A1DAFC67500F7A629 /* Build configuration list for PBXProject "chapter 4" */ = {
			isa = XCConfigurationList;
			buildConfigurations = (
				4B993D841DAFC67500F7A629 /* Debug */,
				4B993D851DAFC67500F7A629 /* Release */,
			);
			defaultConfigurationIsVisible = 0;
			defaultConfigurationName = Release;
		};
		4B993D861DAFC67500F7A629 /* Build configuration list for PBXNativeTarget "chapter 4" */ = {
			isa = XCConfigurationList;
			buildConfigurations = (
				4B993D871DAFC67500F7A629 /* Debug */,
				4B993D881DAFC67500F7A629 /* Release */,
			);
			defaultConfigurationIsVisible = 0;
			defaultConfigurationName = Release;
		};
/* End XCConfigurationList section */
	};
	rootObject = 4B993D771DAFC67500F7A629 /* Project object */;
}
